{
  "name": "trello-recap",
  "version": "1.9.4",
  "lockfileVersion": 1,
  "requires": true,
  "dependencies": {
    "m.test": {
      "version": "0.0.58",
      "resolved": "https://registry.npmjs.org/m.test/-/m.test-0.0.58.tgz",
      "integrity": "sha512-73x8UyStjYLEL2m6OrnHMwT7xKsgGduBnKxMIUyzE3NrmsOgUNpPobFJUrwe/RUKkcNDhJ48L+Dc1cQj1sjtZg==",
      "dev": true
    }
  }
}
